{
  "name": "korector",
  "version": "1.0.0",
  "lockfileVersion": 1,
  "requires": true,
  "dependencies": {
    "asn1.js": {
      "version": "4.10.1",
      "resolved": "https://registry.npmjs.org/asn1.js/-/asn1.js-4.10.1.tgz",
      "integrity": "sha512-p32cOF5q0Zqs9uBiONKYLm6BClCoBCM5O9JfeUSlnQLBTxYdTK+pW+nXflm8UkKd2UYlEbYz5qEi0JuZR9ckSw==",
      "requires": {
        "bn.js": "^4.0.0",
        "inherits": "^2.0.1",
        "minimalistic-assert": "^1.0.0"
      }
    },
    "base64-js": {
      "version": "1.3.1",
      "resolved": "https://registry.npmjs.org/base64-js/-/base64-js-1.3.1.tgz",
      "integrity": "sha512-mLQ4i2QO1ytvGWFWmcngKO//JXAQueZvwEKtjgQFM4jIK0kU+ytMfplL8j+n5mspOfjHwoAg+9yhb7BwAHm36g=="
    },
    "bn.js": {
      "version": "4.11.8",
      "resolved": "https://registry.npmjs.org/bn.js/-/bn.js-4.11.8.tgz",
      "integrity": "sha512-ItfYfPLkWHUjckQCk8xC+LwxgK8NYcXywGigJgSwOP8Y2iyWT4f2vsZnoOXTTbo+o5yXmIUJ4gn5538SO5S3gA=="
    },
    "brorand": {
      "version": "1.1.0",
      "resolved": "https://registry.npmjs.org/brorand/-/brorand-1.1.0.tgz",
      "integrity": "sha1-EsJe/kCkXjwyPrhnWgoM5XsiNx8="
    },
    "browserify-aes": {
      "version": "1.2.0",
      "resolved": "https://registry.npmjs.org/browserify-aes/-/browserify-aes-1.2.0.tgz",
      "integrity": "sha512-+7CHXqGuspUn/Sl5aO7Ea0xWGAtETPXNSAjHo48JfLdPWcMng33Xe4znFvQweqc/uzk5zSOI3H52CYnjCfb5hA==",
      "requires": {
        "buffer-xor": "^1.0.3",
        "cipher-base": "^1.0.0",
        "create-hash": "^1.1.0",
        "evp_bytestokey": "^1.0.3",
        "inherits": "^2.0.1",
        "safe-buffer": "^5.0.1"
      }
    },
    "browserify-cipher": {
      "version": "1.0.1",
      "resolved": "https://registry.npmjs.org/browserify-cipher/-/browserify-cipher-1.0.1.tgz",
      "integrity": "sha512-sPhkz0ARKbf4rRQt2hTpAHqn47X3llLkUGn+xEJzLjwY8LRs2p0v7ljvI5EyoRO/mexrNunNECisZs+gw2zz1w==",
      "requires": {
        "browserify-aes": "^1.0.4",
        "browserify-des": "^1.0.0",
        "evp_bytestokey": "^1.0.0"
      }
    },
    "browserify-des": {
      "version": "1.0.2",
      "resolved": "https://registry.npmjs.org/browserify-des/-/browserify-des-1.0.2.tgz",
      "integrity": "sha512-BioO1xf3hFwz4kc6iBhI3ieDFompMhrMlnDFC4/0/vd5MokpuAc3R+LYbwTA9A5Yc9pq9UYPqffKpW2ObuwX5A==",
      "requires": {
        "cipher-base": "^1.0.1",
        "des.js": "^1.0.0",
        "inherits": "^2.0.1",
        "safe-buffer": "^5.1.2"
      }
    },
    "browserify-rsa": {
      "version": "4.0.1",
      "resolved": "https://registry.npmjs.org/browserify-rsa/-/browserify-rsa-4.0.1.tgz",
      "integrity": "sha1-IeCr+vbyApzy+vsTNWenAdQTVSQ=",
      "requires": {
        "bn.js": "^4.1.0",
        "randombytes": "^2.0.1"
      }
    },
    "browserify-sign": {
      "version": "4.0.4",
      "resolved": "https://registry.npmjs.org/browserify-sign/-/browserify-sign-4.0.4.tgz",
      "integrity": "sha1-qk62jl17ZYuqa/alfmMMvXqT0pg=",
      "requires": {
        "bn.js": "^4.1.1",
        "browserify-rsa": "^4.0.0",
        "create-hash": "^1.1.0",
        "create-hmac": "^1.1.2",
        "elliptic": "^6.0.0",
        "inherits": "^2.0.1",
        "parse-asn1": "^5.0.0"
      }
    },
    "browserify-zlib": {
      "version": "0.1.4",
      "resolved": "https://registry.npmjs.org/browserify-zlib/-/browserify-zlib-0.1.4.tgz",
      "integrity": "sha1-uzX4pRn2AOD6a4SFJByXnQFB+y0=",
      "requires": {
        "pako": "~0.2.0"
      }
    },
    "buffer": {
      "version": "5.5.0",
      "resolved": "https://registry.npmjs.org/buffer/-/buffer-5.5.0.tgz",
      "integrity": "sha512-9FTEDjLjwoAkEwyMGDjYJQN2gfRgOKBKRfiglhvibGbpeeU/pQn1bJxQqm32OD/AIeEuHxU9roxXxg34Byp/Ww==",
      "requires": {
        "base64-js": "^1.0.2",
        "ieee754": "^1.1.4"
      }
    },
    "buffer-xor": {
      "version": "1.0.3",
      "resolved": "https://registry.npmjs.org/buffer-xor/-/buffer-xor-1.0.3.tgz",
      "integrity": "sha1-JuYe0UIvtw3ULm42cp7VHYVf6Nk="
    },
    "builtin-status-codes": {
      "version": "3.0.0",
      "resolved": "https://registry.npmjs.org/builtin-status-codes/-/builtin-status-codes-3.0.0.tgz",
      "integrity": "sha1-hZgoeOIbmOHGZCXgPQF0eI9Wnug="
    },
    "cipher-base": {
      "version": "1.0.4",
      "resolved": "https://registry.npmjs.org/cipher-base/-/cipher-base-1.0.4.tgz",
      "integrity": "sha512-Kkht5ye6ZGmwv40uUDZztayT2ThLQGfnj/T71N/XzeZeo3nf8foyW7zGTsPYkEya3m5f3cAypH+qe7YOrM1U2Q==",
      "requires": {
        "inherits": "^2.0.1",
        "safe-buffer": "^5.0.1"
      }
    },
    "core-util-is": {
      "version": "1.0.2",
      "resolved": "https://registry.npmjs.org/core-util-is/-/core-util-is-1.0.2.tgz",
      "integrity": "sha1-tf1UIgqivFq1eqtxQMlAdUUDwac="
    },
    "create-ecdh": {
      "version": "4.0.3",
      "resolved": "https://registry.npmjs.org/create-ecdh/-/create-ecdh-4.0.3.tgz",
      "integrity": "sha512-GbEHQPMOswGpKXM9kCWVrremUcBmjteUaQ01T9rkKCPDXfUHX0IoP9LpHYo2NPFampa4e+/pFDc3jQdxrxQLaw==",
      "requires": {
        "bn.js": "^4.1.0",
        "elliptic": "^6.0.0"
      }
    },
    "create-hash": {
      "version": "1.2.0",
      "resolved": "https://registry.npmjs.org/create-hash/-/create-hash-1.2.0.tgz",
      "integrity": "sha512-z00bCGNHDG8mHAkP7CtT1qVu+bFQUPjYq/4Iv3C3kWjTFV10zIjfSoeqXo9Asws8gwSHDGj/hl2u4OGIjapeCg==",
      "requires": {
        "cipher-base": "^1.0.1",
        "inherits": "^2.0.1",
        "md5.js": "^1.3.4",
        "ripemd160": "^2.0.1",
        "sha.js": "^2.4.0"
      }
    },
    "create-hmac": {
      "version": "1.1.7",
      "resolved": "https://registry.npmjs.org/create-hmac/-/create-hmac-1.1.7.tgz",
      "integrity": "sha512-MJG9liiZ+ogc4TzUwuvbER1JRdgvUFSB5+VR/g5h82fGaIRWMWddtKBHi7/sVhfjQZ6SehlyhvQYrcYkaUIpLg==",
      "requires": {
        "cipher-base": "^1.0.3",
        "create-hash": "^1.1.0",
        "inherits": "^2.0.1",
        "ripemd160": "^2.0.0",
        "safe-buffer": "^5.0.1",
        "sha.js": "^2.4.8"
      }
    },
    "crypto-browserify": {
      "version": "3.12.0",
      "resolved": "https://registry.npmjs.org/crypto-browserify/-/crypto-browserify-3.12.0.tgz",
      "integrity": "sha512-fz4spIh+znjO2VjL+IdhEpRJ3YN6sMzITSBijk6FK2UvTqruSQW+/cCZTSNsMiZNvUeq0CqurF+dAbyiGOY6Wg==",
      "requires": {
        "browserify-cipher": "^1.0.0",
        "browserify-sign": "^4.0.0",
        "create-ecdh": "^4.0.0",
        "create-hash": "^1.1.0",
        "create-hmac": "^1.1.0",
        "diffie-hellman": "^5.0.0",
        "inherits": "^2.0.1",
        "pbkdf2": "^3.0.3",
        "public-encrypt": "^4.0.0",
        "randombytes": "^2.0.0",
        "randomfill": "^1.0.3"
      }
    },
    "des.js": {
      "version": "1.0.1",
      "resolved": "https://registry.npmjs.org/des.js/-/des.js-1.0.1.tgz",
      "integrity": "sha512-Q0I4pfFrv2VPd34/vfLrFOoRmlYj3OV50i7fskps1jZWK1kApMWWT9G6RRUeYedLcBDIhnSDaUvJMb3AhUlaEA==",
      "requires": {
        "inherits": "^2.0.1",
        "minimalistic-assert": "^1.0.0"
      }
    },
    "diffie-hellman": {
      "version": "5.0.3",
      "resolved": "https://registry.npmjs.org/diffie-hellman/-/diffie-hellman-5.0.3.tgz",
      "integrity": "sha512-kqag/Nl+f3GwyK25fhUMYj81BUOrZ9IuJsjIcDE5icNM9FJHAVm3VcUDxdLPoQtTuUylWm6ZIknYJwwaPxsUzg==",
      "requires": {
        "bn.js": "^4.1.0",
        "miller-rabin": "^4.0.0",
        "randombytes": "^2.0.0"
      }
    },
    "domain-browser": {
      "version": "1.2.0",
      "resolved": "https://registry.npmjs.org/domain-browser/-/domain-browser-1.2.0.tgz",
      "integrity": "sha512-jnjyiM6eRyZl2H+W8Q/zLMA481hzi0eszAaBUzIVnmYVDBbnLxVNnfu1HgEBvCbL+71FrxMl3E6lpKH7Ge3OXA=="
    },
    "elliptic": {
      "version": "6.5.2",
      "resolved": "https://registry.npmjs.org/elliptic/-/elliptic-6.5.2.tgz",
      "integrity": "sha512-f4x70okzZbIQl/NSRLkI/+tteV/9WqL98zx+SQ69KbXxmVrmjwsNUPn/gYJJ0sHvEak24cZgHIPegRePAtA/xw==",
      "requires": {
        "bn.js": "^4.4.0",
        "brorand": "^1.0.1",
        "hash.js": "^1.0.0",
        "hmac-drbg": "^1.0.0",
        "inherits": "^2.0.1",
        "minimalistic-assert": "^1.0.0",
        "minimalistic-crypto-utils": "^1.0.0"
      }
    },
    "evp_bytestokey": {
      "version": "1.0.3",
      "resolved": "https://registry.npmjs.org/evp_bytestokey/-/evp_bytestokey-1.0.3.tgz",
      "integrity": "sha512-/f2Go4TognH/KvCISP7OUsHn85hT9nUkxxA9BEWxFn+Oj9o8ZNLm/40hdlgSLyuOimsrTKLUMEorQexp/aPQeA==",
      "requires": {
        "md5.js": "^1.3.4",
        "safe-buffer": "^5.1.1"
      }
    },
    "hash-base": {
      "version": "3.0.4",
      "resolved": "https://registry.npmjs.org/hash-base/-/hash-base-3.0.4.tgz",
      "integrity": "sha1-X8hoaEfs1zSZQDMZprCj8/auSRg=",
      "requires": {
        "inherits": "^2.0.1",
        "safe-buffer": "^5.0.1"
      }
    },
    "hash.js": {
      "version": "1.1.7",
      "resolved": "https://registry.npmjs.org/hash.js/-/hash.js-1.1.7.tgz",
      "integrity": "sha512-taOaskGt4z4SOANNseOviYDvjEJinIkRgmp7LbKP2YTTmVxWBl87s/uzK9r+44BclBSp2X7K1hqeNfz9JbBeXA==",
      "requires": {
        "inherits": "^2.0.3",
        "minimalistic-assert": "^1.0.1"
      }
    },
    "hmac-drbg": {
      "version": "1.0.1",
      "resolved": "https://registry.npmjs.org/hmac-drbg/-/hmac-drbg-1.0.1.tgz",
      "integrity": "sha1-0nRXAQJabHdabFRXk+1QL8DGSaE=",
      "requires": {
        "hash.js": "^1.0.3",
        "minimalistic-assert": "^1.0.0",
        "minimalistic-crypto-utils": "^1.0.1"
      }
    },
    "ieee754": {
      "version": "1.1.13",
      "resolved": "https://registry.npmjs.org/ieee754/-/ieee754-1.1.13.tgz",
      "integrity": "sha512-4vf7I2LYV/HaWerSo3XmlMkp5eZ83i+/CDluXi/IGTs/O1sejBNhTtnxzmRZfvOUqj7lZjqHkeTvpgSFDlWZTg=="
    },
    "inherits": {
      "version": "2.0.4",
      "resolved": "https://registry.npmjs.org/inherits/-/inherits-2.0.4.tgz",
      "integrity": "sha512-k/vGaX4/Yla3WzyMCvTQOXYeIHvqOKtnqBduzTHpzpQZzAskKMhZ2K+EnBiSM9zGSoIFeMpXKxa4dYeZIQqewQ=="
    },
    "isarray": {
      "version": "1.0.0",
      "resolved": "https://registry.npmjs.org/isarray/-/isarray-1.0.0.tgz",
      "integrity": "sha1-u5NdSFgsuhaMBoNJV6VKPgcSTxE="
    },
    "jspm-nodelibs-assert": {
      "version": "github:jspm/nodelibs-assert#30e538e4e33fca7cf704281c9761a2e01cae6d49",
      "from": "github:jspm/nodelibs-assert"
    },
    "jspm-nodelibs-buffer": {
      "version": "github:alexisvincent/nodelibs-buffer#218ee95b4e41ae6709e2246393942e5d8c58b0ea",
      "from": "github:alexisvincent/nodelibs-buffer",
      "requires": {
        "buffer": "^5.0.0"
      }
    },
    "jspm-nodelibs-child_process": {
      "version": "github:jspm/nodelibs-child_process#0283bcee76b03bf20e223d764e5c723ea888d4ed",
      "from": "github:jspm/nodelibs-child_process"
    },
    "jspm-nodelibs-cluster": {
      "version": "github:jspm/nodelibs-cluster#0bfd66961c8da28decc63257042d1a7a18c1161b",
      "from": "github:jspm/nodelibs-cluster"
    },
    "jspm-nodelibs-console": {
      "version": "github:jspm/nodelibs-console#ee3404f3359a8a80f8cb3ab05fcf18df1f2d0dff",
      "from": "github:jspm/nodelibs-console"
    },
    "jspm-nodelibs-constants": {
      "version": "github:jspm/nodelibs-constants#66218bdcb4d9009240e42bc26f3c1ff185a1c21f",
      "from": "github:jspm/nodelibs-constants"
    },
    "jspm-nodelibs-crypto": {
      "version": "github:jspm/nodelibs-crypto#76e3531702106e8af98b00173ffaf55368fe5977",
      "from": "github:jspm/nodelibs-crypto",
      "requires": {
        "crypto-browserify": "^3.11.0"
      }
    },
    "jspm-nodelibs-dgram": {
      "version": "github:jspm/nodelibs-dgram#d7e16c308914dbcc470c8ccae60257def7258d04",
      "from": "github:jspm/nodelibs-dgram"
    },
    "jspm-nodelibs-dns": {
      "version": "github:jspm/nodelibs-dns#1cbe4d73480ffd9ff6560f3c8a31f109e5c31d36",
      "from": "github:jspm/nodelibs-dns"
    },
    "jspm-nodelibs-domain": {
      "version": "github:jspm/nodelibs-domain#774131552b4781ed44b96b9419db966f35129344",
      "from": "github:jspm/nodelibs-domain",
      "requires": {
        "domain-browser": "^1.1.7"
      }
    },
    "jspm-nodelibs-events": {
      "version": "github:jspm/nodelibs-events#ba4158e5b401167ee182e16efdb17d296c753118",
      "from": "github:jspm/nodelibs-events"
    },
    "jspm-nodelibs-fs": {
      "version": "github:jspm/nodelibs-fs#38bd4374604c99041a0fd5ab903b4e5dd5c457f8",
      "from": "github:jspm/nodelibs-fs"
    },
    "jspm-nodelibs-http": {
      "version": "github:jspm/nodelibs-http#d9695acd19f036396fc3325ede3a814d94eb5502",
      "from": "github:jspm/nodelibs-http",
      "requires": {
        "stream-http": "^2.0.2"
      }
    },
    "jspm-nodelibs-https": {
      "version": "github:jspm/nodelibs-https#bc52efead088289d0ef27135f07ae489e0db108f",
      "from": "github:jspm/nodelibs-https"
    },
    "jspm-nodelibs-module": {
      "version": "github:jspm/nodelibs-module#180c7bb9c0e5a261c3b8169588ffc5d17bf8fd41",
      "from": "github:jspm/nodelibs-module"
    },
    "jspm-nodelibs-net": {
      "version": "github:jspm/nodelibs-net#81acc312e32c6cbaebd892280f0fcc2cfd8698fa",
      "from": "github:jspm/nodelibs-net"
    },
    "jspm-nodelibs-os": {
      "version": "github:jspm/nodelibs-os#1e1c4f2d191969b20ae6042916dd81a9f389847c",
      "from": "github:jspm/nodelibs-os",
      "requires": {
        "os-browserify": "^0.3.0"
      }
    },
    "jspm-nodelibs-path": {
      "version": "github:jspm/nodelibs-path#0e7bf89acd9c498f7d6b76d8586452068e731d2b",
      "from": "github:jspm/nodelibs-path"
    },
    "jspm-nodelibs-process": {
      "version": "github:jspm/nodelibs-process#e439b4f8aec32b274662961a4c617cc58ce60e93",
      "from": "github:jspm/nodelibs-process"
    },
    "jspm-nodelibs-punycode": {
      "version": "github:jspm/nodelibs-punycode#9adf13da1f5de4bfb808c869fcd8513866e46213",
      "from": "github:jspm/nodelibs-punycode",
      "requires": {
        "punycode": "^1.3.0"
      }
    },
    "jspm-nodelibs-querystring": {
      "version": "github:jspm/nodelibs-querystring#414cf93b6da63fce5d97215d325e58658c67b94f",
      "from": "github:jspm/nodelibs-querystring"
    },
    "jspm-nodelibs-readline": {
      "version": "github:jspm/nodelibs-readline#1502813706d92db5f8518bd30e2f7798754f3984",
      "from": "github:jspm/nodelibs-readline"
    },
    "jspm-nodelibs-repl": {
      "version": "github:jspm/nodelibs-repl#c4927c97dcbf4606f7cca649a2530a8bcee0aa11",
      "from": "github:jspm/nodelibs-repl"
    },
    "jspm-nodelibs-stream": {
      "version": "github:jspm/nodelibs-stream#2e5dd8d85dd178c9138b8d11040a19ee88642500",
      "from": "github:jspm/nodelibs-stream",
      "requires": {
        "stream-browserify": "^2.0.1"
      }
    },
    "jspm-nodelibs-string_decoder": {
      "version": "github:jspm/nodelibs-string_decoder#8e8ef95c19486a4e19b080a4023f46046822a237",
      "from": "github:jspm/nodelibs-string_decoder",
      "requires": {
        "string_decoder": "^0.10.31"
      },
      "dependencies": {
        "string_decoder": {
          "version": "0.10.31",
          "resolved": "https://registry.npmjs.org/string_decoder/-/string_decoder-0.10.31.tgz",
          "integrity": "sha1-YuIDvEF2bGwoyfyEMB2rHFMQ+pQ="
        }
      }
    },
    "jspm-nodelibs-timers": {
      "version": "github:jspm/nodelibs-timers#1383969efdcd7a48cf3c68be3ff5fc42cdd3d7cd",
      "from": "github:jspm/nodelibs-timers",
      "requires": {
        "timers-browserify": "^1.4.2"
      }
    },
    "jspm-nodelibs-tls": {
      "version": "github:jspm/nodelibs-tls#309759ed050a9db5c6ba0ac6e4f7ab21d446a196",
      "from": "github:jspm/nodelibs-tls"
    },
    "jspm-nodelibs-tty": {
      "version": "github:jspm/nodelibs-tty#116f8dcaae4af73d5cb4d74a65ff9014b03d12c5",
      "from": "github:jspm/nodelibs-tty"
    },
    "jspm-nodelibs-url": {
      "version": "github:jspm/nodelibs-url#ec96c640396a61737768d837bb1e7b7fbec97c7f",
      "from": "github:jspm/nodelibs-url",
      "requires": {
        "url": "^0.11.0"
      }
    },
    "jspm-nodelibs-util": {
      "version": "github:jspm/nodelibs-util#53f1e376fac51f68fe4b2b44095efe64df4c80b7",
      "from": "github:jspm/nodelibs-util"
    },
    "jspm-nodelibs-vm": {
      "version": "github:jspm/nodelibs-vm#6317d15db4cf0a27ec48ca765dc17115707bfc38",
      "from": "github:jspm/nodelibs-vm"
    },
    "jspm-nodelibs-zlib": {
      "version": "github:jspm/nodelibs-zlib#54df050ad39ee4034048422257b0c0a9d395886e",
      "from": "github:jspm/nodelibs-zlib",
      "requires": {
        "browserify-zlib": "^0.1.4"
      }
    },
    "md5.js": {
      "version": "1.3.5",
      "resolved": "https://registry.npmjs.org/md5.js/-/md5.js-1.3.5.tgz",
      "integrity": "sha512-xitP+WxNPcTTOgnTJcrhM0xvdPepipPSf3I8EIpGKeFLjt3PlJLIDG3u8EX53ZIubkb+5U2+3rELYpEhHhzdkg==",
      "requires": {
        "hash-base": "^3.0.0",
        "inherits": "^2.0.1",
        "safe-buffer": "^5.1.2"
      }
    },
    "miller-rabin": {
      "version": "4.0.1",
      "resolved": "https://registry.npmjs.org/miller-rabin/-/miller-rabin-4.0.1.tgz",
      "integrity": "sha512-115fLhvZVqWwHPbClyntxEVfVDfl9DLLTuJvq3g2O/Oxi8AiNouAHvDSzHS0viUJc+V5vm3eq91Xwqn9dp4jRA==",
      "requires": {
        "bn.js": "^4.0.0",
        "brorand": "^1.0.1"
      }
    },
    "minimalistic-assert": {
      "version": "1.0.1",
      "resolved": "https://registry.npmjs.org/minimalistic-assert/-/minimalistic-assert-1.0.1.tgz",
      "integrity": "sha512-UtJcAD4yEaGtjPezWuO9wC4nwUnVH/8/Im3yEHQP4b67cXlD/Qr9hdITCU1xDbSEXg2XKNaP8jsReV7vQd00/A=="
    },
    "minimalistic-crypto-utils": {
      "version": "1.0.1",
      "resolved": "https://registry.npmjs.org/minimalistic-crypto-utils/-/minimalistic-crypto-utils-1.0.1.tgz",
      "integrity": "sha1-9sAMHAsIIkblxNmd+4x8CDsrWCo="
    },
    "os-browserify": {
      "version": "0.3.0",
      "resolved": "https://registry.npmjs.org/os-browserify/-/os-browserify-0.3.0.tgz",
      "integrity": "sha1-hUNzx/XCMVkU/Jv8a9gjj92h7Cc="
    },
    "pako": {
      "version": "0.2.9",
      "resolved": "https://registry.npmjs.org/pako/-/pako-0.2.9.tgz",
      "integrity": "sha1-8/dSL073gjSNqBYbrZ7P1Rv4OnU="
    },
    "parse-asn1": {
      "version": "5.1.5",
      "resolved": "https://registry.npmjs.org/parse-asn1/-/parse-asn1-5.1.5.tgz",
      "integrity": "sha512-jkMYn1dcJqF6d5CpU689bq7w/b5ALS9ROVSpQDPrZsqqesUJii9qutvoT5ltGedNXMO2e16YUWIghG9KxaViTQ==",
      "requires": {
        "asn1.js": "^4.0.0",
        "browserify-aes": "^1.0.0",
        "create-hash": "^1.1.0",
        "evp_bytestokey": "^1.0.0",
        "pbkdf2": "^3.0.3",
        "safe-buffer": "^5.1.1"
      }
    },
    "pbkdf2": {
      "version": "3.0.17",
      "resolved": "https://registry.npmjs.org/pbkdf2/-/pbkdf2-3.0.17.tgz",
      "integrity": "sha512-U/il5MsrZp7mGg3mSQfn742na2T+1/vHDCG5/iTI3X9MKUuYUZVLQhyRsg06mCgDBTd57TxzgZt7P+fYfjRLtA==",
      "requires": {
        "create-hash": "^1.1.2",
        "create-hmac": "^1.1.4",
        "ripemd160": "^2.0.1",
        "safe-buffer": "^5.0.1",
        "sha.js": "^2.4.8"
      }
    },
    "process": {
      "version": "0.11.10",
      "resolved": "https://registry.npmjs.org/process/-/process-0.11.10.tgz",
      "integrity": "sha1-czIwDoQBYb2j5podHZGn1LwW8YI="
    },
    "process-nextick-args": {
      "version": "2.0.1",
      "resolved": "https://registry.npmjs.org/process-nextick-args/-/process-nextick-args-2.0.1.tgz",
      "integrity": "sha512-3ouUOpQhtgrbOa17J7+uxOTpITYWaGP7/AhoR3+A+/1e9skrzelGi/dXzEYyvbxubEF6Wn2ypscTKiKJFFn1ag=="
    },
    "public-encrypt": {
      "version": "4.0.3",
      "resolved": "https://registry.npmjs.org/public-encrypt/-/public-encrypt-4.0.3.tgz",
      "integrity": "sha512-zVpa8oKZSz5bTMTFClc1fQOnyyEzpl5ozpi1B5YcvBrdohMjH2rfsBtyXcuNuwjsDIXmBYlF2N5FlJYhR29t8Q==",
      "requires": {
        "bn.js": "^4.1.0",
        "browserify-rsa": "^4.0.0",
        "create-hash": "^1.1.0",
        "parse-asn1": "^5.0.0",
        "randombytes": "^2.0.1",
        "safe-buffer": "^5.1.2"
      }
    },
    "punycode": {
      "version": "1.4.1",
      "resolved": "https://registry.npmjs.org/punycode/-/punycode-1.4.1.tgz",
      "integrity": "sha1-wNWmOycYgArY4esPpSachN1BhF4="
    },
    "querystring": {
      "version": "0.2.0",
      "resolved": "https://registry.npmjs.org/querystring/-/querystring-0.2.0.tgz",
      "integrity": "sha1-sgmEkgO7Jd+CDadW50cAWHhSFiA="
    },
    "randombytes": {
      "version": "2.1.0",
      "resolved": "https://registry.npmjs.org/randombytes/-/randombytes-2.1.0.tgz",
      "integrity": "sha512-vYl3iOX+4CKUWuxGi9Ukhie6fsqXqS9FE2Zaic4tNFD2N2QQaXOMFbuKK4QmDHC0JO6B1Zp41J0LpT0oR68amQ==",
      "requires": {
        "safe-buffer": "^5.1.0"
      }
    },
    "randomfill": {
      "version": "1.0.4",
      "resolved": "https://registry.npmjs.org/randomfill/-/randomfill-1.0.4.tgz",
      "integrity": "sha512-87lcbR8+MhcWcUiQ+9e+Rwx8MyR2P7qnt15ynUlbm3TU/fjbgz4GsvfSUDTemtCCtVCqb4ZcEFlyPNTh9bBTLw==",
      "requires": {
        "randombytes": "^2.0.5",
        "safe-buffer": "^5.1.0"
      }
    },
    "readable-stream": {
      "version": "2.3.7",
      "resolved": "https://registry.npmjs.org/readable-stream/-/readable-stream-2.3.7.tgz",
      "integrity": "sha512-Ebho8K4jIbHAxnuxi7o42OrZgF/ZTNcsZj6nRKyUmkhLFq8CHItp/fy6hQZuZmP/n3yZ9VBUbp4zz/mX8hmYPw==",
      "requires": {
        "core-util-is": "~1.0.0",
        "inherits": "~2.0.3",
        "isarray": "~1.0.0",
        "process-nextick-args": "~2.0.0",
        "safe-buffer": "~5.1.1",
        "string_decoder": "~1.1.1",
        "util-deprecate": "~1.0.1"
      },
      "dependencies": {
        "safe-buffer": {
          "version": "5.1.2",
          "resolved": "https://registry.npmjs.org/safe-buffer/-/safe-buffer-5.1.2.tgz",
          "integrity": "sha512-Gd2UZBJDkXlY7GbJxfsE8/nvKkUEU1G38c1siN6QP6a9PT9MmHB8GnpscSmMJSoF8LOIrt8ud/wPtojys4G6+g=="
        }
      }
    },
    "ripemd160": {
      "version": "2.0.2",
      "resolved": "https://registry.npmjs.org/ripemd160/-/ripemd160-2.0.2.tgz",
      "integrity": "sha512-ii4iagi25WusVoiC4B4lq7pbXfAp3D9v5CwfkY33vffw2+pkDjY1D8GaN7spsxvCSx8dkPqOZCEZyfxcmJG2IA==",
      "requires": {
        "hash-base": "^3.0.0",
        "inherits": "^2.0.1"
      }
    },
    "safe-buffer": {
      "version": "5.2.0",
      "resolved": "https://registry.npmjs.org/safe-buffer/-/safe-buffer-5.2.0.tgz",
      "integrity": "sha512-fZEwUGbVl7kouZs1jCdMLdt95hdIv0ZeHg6L7qPeciMZhZ+/gdesW4wgTARkrFWEpspjEATAzUGPG8N2jJiwbg=="
    },
    "sha.js": {
      "version": "2.4.11",
      "resolved": "https://registry.npmjs.org/sha.js/-/sha.js-2.4.11.tgz",
      "integrity": "sha512-QMEp5B7cftE7APOjk5Y6xgrbWu+WkLVQwk8JNjZ8nKRciZaByEW6MubieAiToS7+dwvrjGhH8jRXz3MVd0AYqQ==",
      "requires": {
        "inherits": "^2.0.1",
        "safe-buffer": "^5.0.1"
      }
    },
    "stream-browserify": {
      "version": "2.0.2",
      "resolved": "https://registry.npmjs.org/stream-browserify/-/stream-browserify-2.0.2.tgz",
      "integrity": "sha512-nX6hmklHs/gr2FuxYDltq8fJA1GDlxKQCz8O/IM4atRqBH8OORmBNgfvW5gG10GT/qQ9u0CzIvr2X5Pkt6ntqg==",
      "requires": {
        "inherits": "~2.0.1",
        "readable-stream": "^2.0.2"
      }
    },
    "stream-http": {
      "version": "2.8.3",
      "resolved": "https://registry.npmjs.org/stream-http/-/stream-http-2.8.3.tgz",
      "integrity": "sha512-+TSkfINHDo4J+ZobQLWiMouQYB+UVYFttRA94FpEzzJ7ZdqcL4uUUQ7WkdkI4DSozGmgBUE/a47L+38PenXhUw==",
      "requires": {
        "builtin-status-codes": "^3.0.0",
        "inherits": "^2.0.1",
        "readable-stream": "^2.3.6",
        "to-arraybuffer": "^1.0.0",
        "xtend": "^4.0.0"
      }
    },
    "string_decoder": {
      "version": "1.1.1",
      "resolved": "https://registry.npmjs.org/string_decoder/-/string_decoder-1.1.1.tgz",
      "integrity": "sha512-n/ShnvDi6FHbbVfviro+WojiFzv+s8MPMHBczVePfUpDJLwoLT0ht1l4YwBCbi8pJAveEEdnkHyPyTP/mzRfwg==",
      "requires": {
        "safe-buffer": "~5.1.0"
      },
      "dependencies": {
        "safe-buffer": {
          "version": "5.1.2",
          "resolved": "https://registry.npmjs.org/safe-buffer/-/safe-buffer-5.1.2.tgz",
          "integrity": "sha512-Gd2UZBJDkXlY7GbJxfsE8/nvKkUEU1G38c1siN6QP6a9PT9MmHB8GnpscSmMJSoF8LOIrt8ud/wPtojys4G6+g=="
        }
      }
    },
    "systemjs-nodelibs": {
      "version": "1.0.0",
      "resolved": "https://registry.npmjs.org/systemjs-nodelibs/-/systemjs-nodelibs-1.0.0.tgz",
      "integrity": "sha1-ficKGyEgQUKE/OF2FDx31hv22Jc=",
      "requires": {
        "jspm-nodelibs-assert": "github:jspm/nodelibs-assert#30e538e4e33fca7cf704281c9761a2e01cae6d49",
        "jspm-nodelibs-buffer": "github:alexisvincent/nodelibs-buffer#218ee95b4e41ae6709e2246393942e5d8c58b0ea",
        "jspm-nodelibs-child_process": "github:jspm/nodelibs-child_process#0283bcee76b03bf20e223d764e5c723ea888d4ed",
        "jspm-nodelibs-cluster": "github:jspm/nodelibs-cluster#0bfd66961c8da28decc63257042d1a7a18c1161b",
        "jspm-nodelibs-console": "github:jspm/nodelibs-console#ee3404f3359a8a80f8cb3ab05fcf18df1f2d0dff",
        "jspm-nodelibs-constants": "github:jspm/nodelibs-constants#66218bdcb4d9009240e42bc26f3c1ff185a1c21f",
        "jspm-nodelibs-crypto": "github:jspm/nodelibs-crypto#76e3531702106e8af98b00173ffaf55368fe5977",
        "jspm-nodelibs-dgram": "github:jspm/nodelibs-dgram#d7e16c308914dbcc470c8ccae60257def7258d04",
        "jspm-nodelibs-dns": "github:jspm/nodelibs-dns#1cbe4d73480ffd9ff6560f3c8a31f109e5c31d36",
        "jspm-nodelibs-domain": "github:jspm/nodelibs-domain#774131552b4781ed44b96b9419db966f35129344",
        "jspm-nodelibs-events": "github:jspm/nodelibs-events#ba4158e5b401167ee182e16efdb17d296c753118",
        "jspm-nodelibs-fs": "github:jspm/nodelibs-fs#38bd4374604c99041a0fd5ab903b4e5dd5c457f8",
        "jspm-nodelibs-http": "github:jspm/nodelibs-http#d9695acd19f036396fc3325ede3a814d94eb5502",
        "jspm-nodelibs-https": "github:jspm/nodelibs-https#bc52efead088289d0ef27135f07ae489e0db108f",
        "jspm-nodelibs-module": "github:jspm/nodelibs-module#180c7bb9c0e5a261c3b8169588ffc5d17bf8fd41",
        "jspm-nodelibs-net": "github:jspm/nodelibs-net#81acc312e32c6cbaebd892280f0fcc2cfd8698fa",
        "jspm-nodelibs-os": "github:jspm/nodelibs-os#1e1c4f2d191969b20ae6042916dd81a9f389847c",
        "jspm-nodelibs-path": "github:jspm/nodelibs-path#0e7bf89acd9c498f7d6b76d8586452068e731d2b",
        "jspm-nodelibs-process": "github:jspm/nodelibs-process#e439b4f8aec32b274662961a4c617cc58ce60e93",
        "jspm-nodelibs-punycode": "github:jspm/nodelibs-punycode#9adf13da1f5de4bfb808c869fcd8513866e46213",
        "jspm-nodelibs-querystring": "github:jspm/nodelibs-querystring#414cf93b6da63fce5d97215d325e58658c67b94f",
        "jspm-nodelibs-readline": "github:jspm/nodelibs-readline#1502813706d92db5f8518bd30e2f7798754f3984",
        "jspm-nodelibs-repl": "github:jspm/nodelibs-repl#c4927c97dcbf4606f7cca649a2530a8bcee0aa11",
        "jspm-nodelibs-stream": "github:jspm/nodelibs-stream#2e5dd8d85dd178c9138b8d11040a19ee88642500",
        "jspm-nodelibs-string_decoder": "github:jspm/nodelibs-string_decoder#8e8ef95c19486a4e19b080a4023f46046822a237",
        "jspm-nodelibs-timers": "github:jspm/nodelibs-timers#1383969efdcd7a48cf3c68be3ff5fc42cdd3d7cd",
        "jspm-nodelibs-tls": "github:jspm/nodelibs-tls#309759ed050a9db5c6ba0ac6e4f7ab21d446a196",
        "jspm-nodelibs-tty": "github:jspm/nodelibs-tty#116f8dcaae4af73d5cb4d74a65ff9014b03d12c5",
        "jspm-nodelibs-url": "github:jspm/nodelibs-url#ec96c640396a61737768d837bb1e7b7fbec97c7f",
        "jspm-nodelibs-util": "github:jspm/nodelibs-util#53f1e376fac51f68fe4b2b44095efe64df4c80b7",
        "jspm-nodelibs-vm": "github:jspm/nodelibs-vm#6317d15db4cf0a27ec48ca765dc17115707bfc38",
        "jspm-nodelibs-zlib": "github:jspm/nodelibs-zlib#54df050ad39ee4034048422257b0c0a9d395886e",
        "readable-stream": "^2.0.2"
      }
    },
    "timers-browserify": {
      "version": "1.4.2",
      "resolved": "https://registry.npmjs.org/timers-browserify/-/timers-browserify-1.4.2.tgz",
      "integrity": "sha1-ycWLV1voQHN1y14kYtrO50NZ9B0=",
      "requires": {
        "process": "~0.11.0"
      }
    },
    "to-arraybuffer": {
      "version": "1.0.1",
      "resolved": "https://registry.npmjs.org/to-arraybuffer/-/to-arraybuffer-1.0.1.tgz",
      "integrity": "sha1-fSKbH8xjfkZsoIEYCDanqr/4P0M="
    },
    "url": {
      "version": "0.11.0",
      "resolved": "https://registry.npmjs.org/url/-/url-0.11.0.tgz",
      "integrity": "sha1-ODjpfPxgUh63PFJajlW/3Z4uKPE=",
      "requires": {
        "punycode": "1.3.2",
        "querystring": "0.2.0"
      },
      "dependencies": {
        "punycode": {
          "version": "1.3.2",
          "resolved": "https://registry.npmjs.org/punycode/-/punycode-1.3.2.tgz",
          "integrity": "sha1-llOgNvt8HuQjQvIyXM7v6jkmxI0="
        }
      }
    },
    "util-deprecate": {
      "version": "1.0.2",
      "resolved": "https://registry.npmjs.org/util-deprecate/-/util-deprecate-1.0.2.tgz",
      "integrity": "sha1-RQ1Nyfpw3nMnYvvS1KKJgUGaDM8="
    },
    "xtend": {
      "version": "4.0.2",
      "resolved": "https://registry.npmjs.org/xtend/-/xtend-4.0.2.tgz",
      "integrity": "sha512-LKYU1iAXJXUgAXn9URjiu+MWhyUXHsvfp7mcuYm9dSUKK0/CjtrUwFAxD82/mCWbtLsGjFIad0wIsod4zrTAEQ=="
    }
  }
}
